// !$*UTF8*$!
{
	archiveVersion = 1;
	classes = {
	};
	objectVersion = 56;
	objects = {

/* Begin PBXBuildFile section */
		96BF4E272B2BB6410042629E /* CMPSwiftUIApp.swift in Sources */ = {isa = PBXBuildFile; fileRef = 96BF4E262B2BB6410042629E /* CMPSwiftUIApp.swift */; };
		96BF4E2B2B2BB6420042629E /* Assets.xcassets in Resources */ = {isa = PBXBuildFile; fileRef = 96BF4E2A2B2BB6420042629E /* Assets.xcassets */; };
		96BF4E2E2B2BB6420042629E /* Preview Assets.xcassets in Resources */ = {isa = PBXBuildFile; fileRef = 96BF4E2D2B2BB6420042629E /* Preview Assets.xcassets */; };
		96BF4E362B2BB7CB0042629E /* composeBase.xcframework in Frameworks */ = {isa = PBXBuildFile; fileRef = 96BF4E352B2BB7CB0042629E /* composeBase.xcframework */; };
		96BF4E372B2BB7CB0042629E /* composeBase.xcframework in Embed Frameworks */ = {isa = PBXBuildFile; fileRef = 96BF4E352B2BB7CB0042629E /* composeBase.xcframework */; settings = {ATTRIBUTES = (CodeSignOnCopy, RemoveHeadersOnCopy, ); }; };
		96BF4E3C2B2BB7E80042629E /* HomeView.swift in Sources */ = {isa = PBXBuildFile; fileRef = 96BF4E3B2B2BB7E80042629E /* HomeView.swift */; };
		96BF4E3F2B2BB8BD0042629E /* NavigationManager.swift in Sources */ = {isa = PBXBuildFile; fileRef = 96BF4E3E2B2BB8BD0042629E /* NavigationManager.swift */; };
		96BF4E412B2BB8D20042629E /* Screens.swift in Sources */ = {isa = PBXBuildFile; fileRef = 96BF4E402B2BB8D20042629E /* Screens.swift */; };
		96BF4E432B2BBA440042629E /* DetailView.swift in Sources */ = {isa = PBXBuildFile; fileRef = 96BF4E422B2BBA440042629E /* DetailView.swift */; };
/* End PBXBuildFile section */

/* Begin PBXCopyFilesBuildPhase section */
		96BF4E382B2BB7CC0042629E /* Embed Frameworks */ = {
			isa = PBXCopyFilesBuildPhase;
			buildActionMask = 2147483647;
			dstPath = "";
			dstSubfolderSpec = 10;
			files = (
				96BF4E372B2BB7CB0042629E /* composeBase.xcframework in Embed Frameworks */,
			);
			name = "Embed Frameworks";
			runOnlyForDeploymentPostprocessing = 0;
		};
/* End PBXCopyFilesBuildPhase section */

/* Begin PBXFileReference section */
		96BF4E232B2BB6410042629E /* CMPSwiftUI.app */ = {isa = PBXFileReference; explicitFileType = wrapper.application; includeInIndex = 0; path = CMPSwiftUI.app; sourceTree = BUILT_PRODUCTS_DIR; };
		96BF4E262B2BB6410042629E /* CMPSwiftUIApp.swift */ = {isa = PBXFileReference; lastKnownFileType = sourcecode.swift; path = CMPSwiftUIApp.swift; sourceTree = "<group>"; };
		96BF4E2A2B2BB6420042629E /* Assets.xcassets */ = {isa = PBXFileReference; lastKnownFileType = folder.assetcatalog; path = Assets.xcassets; sourceTree = "<group>"; };
		96BF4E2D2B2BB6420042629E /* Preview Assets.xcassets */ = {isa = PBXFileReference; lastKnownFileType = folder.assetcatalog; path = "Preview Assets.xcassets"; sourceTree = "<group>"; };
		96BF4E352B2BB7CB0042629E /* composeBase.xcframework */ = {isa = PBXFileReference; lastKnownFileType = wrapper.xcframework; name = composeBase.xcframework; path = ../../AndroidStudioProjects/CmpCoinbase/composeBase/build/XCFrameworks/release/composeBase.xcframework; sourceTree = "<group>"; };
		96BF4E3B2B2BB7E80042629E /* HomeView.swift */ = {isa = PBXFileReference; lastKnownFileType = sourcecode.swift; path = HomeView.swift; sourceTree = "<group>"; };
		96BF4E3E2B2BB8BD0042629E /* NavigationManager.swift */ = {isa = PBXFileReference; lastKnownFileType = sourcecode.swift; path = NavigationManager.swift; sourceTree = "<group>"; };
		96BF4E402B2BB8D20042629E /* Screens.swift */ = {isa = PBXFileReference; lastKnownFileType = sourcecode.swift; path = Screens.swift; sourceTree = "<group>"; };
		96BF4E422B2BBA440042629E /* DetailView.swift */ = {isa = PBXFileReference; lastKnownFileType = sourcecode.swift; path = DetailView.swift; sourceTree = "<group>"; };
/* End PBXFileReference section */

/* Begin PBXFrameworksBuildPhase section */
		96BF4E202B2BB6410042629E /* Frameworks */ = {
			isa = PBXFrameworksBuildPhase;
			buildActionMask = 2147483647;
			files = (
				96BF4E362B2BB7CB0042629E /* composeBase.xcframework in Frameworks */,
			);
			runOnlyForDeploymentPostprocessing = 0;
		};
/* End PBXFrameworksBuildPhase section */

/* Begin PBXGroup section */
		96BF4E1A2B2BB6410042629E = {
			isa = PBXGroup;
			children = (
				96BF4E252B2BB6410042629E /* CMPSwiftUI */,
				96BF4E242B2BB6410042629E /* Products */,
				96BF4E342B2BB7CB0042629E /* Frameworks */,
			);
			sourceTree = "<group>";
		};
		96BF4E242B2BB6410042629E /* Products */ = {
			isa = PBXGroup;
			children = (
				96BF4E232B2BB6410042629E /* CMPSwiftUI.app */,
			);
			name = Products;
			sourceTree = "<group>";
		};
		96BF4E252B2BB6410042629E /* CMPSwiftUI */ = {
			isa = PBXGroup;
			children = (
				96BF4E3D2B2BB89F0042629E /* Util */,
				96BF4E3A2B2BB7DB0042629E /* FeatureDetail */,
				96BF4E392B2BB7D30042629E /* FeatureHome */,
				96BF4E262B2BB6410042629E /* CMPSwiftUIApp.swift */,
				96BF4E2A2B2BB6420042629E /* Assets.xcassets */,
				96BF4E2C2B2BB6420042629E /* Preview Content */,
			);
			path = CMPSwiftUI;
			sourceTree = "<group>";
		};
		96BF4E2C2B2BB6420042629E /* Preview Content */ = {
			isa = PBXGroup;
			children = (
				96BF4E2D2B2BB6420042629E /* Preview Assets.xcassets */,
			);
			path = "Preview Content";
			sourceTree = "<group>";
		};
		96BF4E342B2BB7CB0042629E /* Frameworks */ = {
			isa = PBXGroup;
			children = (
				96BF4E352B2BB7CB0042629E /* composeBase.xcframework */,
			);
			name = Frameworks;
			sourceTree = "<group>";
		};
		96BF4E392B2BB7D30042629E /* FeatureHome */ = {
			isa = PBXGroup;
			children = (
				96BF4E3B2B2BB7E80042629E /* HomeView.swift */,
			);
			path = FeatureHome;
			sourceTree = "<group>";
		};
		96BF4E3A2B2BB7DB0042629E /* FeatureDetail */ = {
			isa = PBXGroup;
			children = (
				96BF4E422B2BBA440042629E /* DetailView.swift */,
			);
			path = FeatureDetail;
			sourceTree = "<group>";
		};
		96BF4E3D2B2BB89F0042629E /* Util */ = {
			isa = PBXGroup;
			children = (
				96BF4E3E2B2BB8BD0042629E /* NavigationManager.swift */,
				96BF4E402B2BB8D20042629E /* Screens.swift */,
			);
			path = Util;
			sourceTree = "<group>";
		};
/* End PBXGroup section */

/* Begin PBXNativeTarget section */
		96BF4E222B2BB6410042629E /* CMPSwiftUI */ = {
			isa = PBXNativeTarget;
			buildConfigurationList = 96BF4E312B2BB6420042629E /* Build configuration list for PBXNativeTarget "CMPSwiftUI" */;
			buildPhases = (
				96BF4E1F2B2BB6410042629E /* Sources */,
				96BF4E202B2BB6410042629E /* Frameworks */,
				96BF4E212B2BB6410042629E /* Resources */,
				96BF4E382B2BB7CC0042629E /* Embed Frameworks */,
			);
			buildRules = (
			);
			dependencies = (
			);
			name = CMPSwiftUI;
			productName = CMPSwiftUI;
			productReference = 96BF4E232B2BB6410042629E /* CMPSwiftUI.app */;
			productType = "com.apple.product-type.application";
		};
/* End PBXNativeTarget section */

/* Begin PBXProject section */
		96BF4E1B2B2BB6410042629E /* Project object */ = {
			isa = PBXProject;
			attributes = {
				BuildIndependentTargetsInParallel = 1;
				LastSwiftUpdateCheck = 1500;
				LastUpgradeCheck = 1500;
				TargetAttributes = {
					96BF4E222B2BB6410042629E = {
						CreatedOnToolsVersion = 15.0.1;
					};
				};
			};
			buildConfigurationList = 96BF4E1E2B2BB6410042629E /* Build configuration list for PBXProject "CMPSwiftUI" */;
			compatibilityVersion = "Xcode 14.0";
			developmentRegion = en;
			hasScannedForEncodings = 0;
			knownRegions = (
				en,
				Base,
			);
			mainGroup = 96BF4E1A2B2BB6410042629E;
			productRefGroup = 96BF4E242B2BB6410042629E /* Products */;
			projectDirPath = "";
			projectRoot = "";
			targets = (
				96BF4E222B2BB6410042629E /* CMPSwiftUI */,
			);
		};
/* End PBXProject section */

/* Begin PBXResourcesBuildPhase section */
		96BF4E212B2BB6410042629E /* Resources */ = {
			isa = PBXResourcesBuildPhase;
			buildActionMask = 2147483647;
			files = (
				96BF4E2E2B2BB6420042629E /* Preview Assets.xcassets in Resources */,
				96BF4E2B2B2BB6420042629E /* Assets.xcassets in Resources */,
			);
			runOnlyForDeploymentPostprocessing = 0;
		};
/* End PBXResourcesBuildPhase section */

/* Begin PBXSourcesBuildPhase section */
		96BF4E1F2B2BB6410042629E /* Sources */ = {
			isa = PBXSourcesBuildPhase;
			buildActionMask = 2147483647;
			files = (
				96BF4E3C2B2BB7E80042629E /* HomeView.swift in Sources */,
				96BF4E412B2BB8D20042629E /* Screens.swift in Sources */,
				96BF4E3F2B2BB8BD0042629E /* NavigationManager.swift in Sources */,
				96BF4E432B2BBA440042629E /* DetailView.swift in Sources */,
				96BF4E272B2BB6410042629E /* CMPSwiftUIApp.swift in Sources */,
			);
			runOnlyForDeploymentPostprocessing = 0;
		};
/* End PBXSourcesBuildPhase section */

/* Begin XCBuildConfiguration section */
		96BF4E2F2B2BB6420042629E /* Debug */ = {
			isa = XCBuildConfiguration;
			buildSettings = {
				ALWAYS_SEARCH_USER_PATHS = NO;
				ASSETCATALOG_COMPILER_GENERATE_SWIFT_ASSET_SYMBOL_EXTENSIONS = YES;
				CLANG_ANALYZER_NONNULL = YES;
				CLANG_ANALYZER_NUMBER_OBJECT_CONVERSION = YES_AGGRESSIVE;
				CLANG_CXX_LANGUAGE_STANDARD = "gnu++20";
				CLANG_ENABLE_MODULES = YES;
				CLANG_ENABLE_OBJC_ARC = YES;
				CLANG_ENABLE_OBJC_WEAK = YES;
				CLANG_WARN_BLOCK_CAPTURE_AUTORELEASING = YES;
				CLANG_WARN_BOOL_CONVERSION = YES;
				CLANG_WARN_COMMA = YES;
				CLANG_WARN_CONSTANT_CONVERSION = YES;
				CLANG_WARN_DEPRECATED_OBJC_IMPLEMENTATIONS = YES;
				CLANG_WARN_DIRECT_OBJC_ISA_USAGE = YES_ERROR;
				CLANG_WARN_DOCUMENTATION_COMMENTS = YES;
				CLANG_WARN_EMPTY_BODY = YES;
				CLANG_WARN_ENUM_CONVERSION = YES;
				CLANG_WARN_INFINITE_RECURSION = YES;
				CLANG_WARN_INT_CONVERSION = YES;
				CLANG_WARN_NON_LITERAL_NULL_CONVERSION = YES;
				CLANG_WARN_OBJC_IMPLICIT_RETAIN_SELF = YES;
				CLANG_WARN_OBJC_LITERAL_CONVERSION = YES;
				CLANG_WARN_OBJC_ROOT_CLASS = YES_ERROR;
				CLANG_WARN_QUOTED_INCLUDE_IN_FRAMEWORK_HEADER = YES;
				CLANG_WARN_RANGE_LOOP_ANALYSIS = YES;
				CLANG_WARN_STRICT_PROTOTYPES = YES;
				CLANG_WARN_SUSPICIOUS_MOVE = YES;
				CLANG_WARN_UNGUARDED_AVAILABILITY = YES_AGGRESSIVE;
				CLANG_WARN_UNREACHABLE_CODE = YES;
				CLANG_WARN__DUPLICATE_METHOD_MATCH = YES;
				COPY_PHASE_STRIP = NO;
				DEBUG_INFORMATION_FORMAT = dwarf;
				ENABLE_STRICT_OBJC_MSGSEND = YES;
				ENABLE_TESTABILITY = YES;
				ENABLE_USER_SCRIPT_SANDBOXING = YES;
				GCC_C_LANGUAGE_STANDARD = gnu17;
				GCC_DYNAMIC_NO_PIC = NO;
				GCC_NO_COMMON_BLOCKS = YES;
				GCC_OPTIMIZATION_LEVEL = 0;
				GCC_PREPROCESSOR_DEFINITIONS = (
					"DEBUG=1",
					"$(inherited)",
				);
				GCC_WARN_64_TO_32_BIT_CONVERSION = YES;
				GCC_WARN_ABOUT_RETURN_TYPE = YES_ERROR;
				GCC_WARN_UNDECLARED_SELECTOR = YES;
				GCC_WARN_UNINITIALIZED_AUTOS = YES_AGGRESSIVE;
				GCC_WARN_UNUSED_FUNCTION = YES;
				GCC_WARN_UNUSED_VARIABLE = YES;
				IPHONEOS_DEPLOYMENT_TARGET = 17.0;
				LOCALIZATION_PREFERS_STRING_CATALOGS = YES;
				MTL_ENABLE_DEBUG_INFO = INCLUDE_SOURCE;
				MTL_FAST_MATH = YES;
				ONLY_ACTIVE_ARCH = YES;
				SDKROOT = iphoneos;
				SWIFT_ACTIVE_COMPILATION_CONDITIONS = "DEBUG $(inherited)";
				SWIFT_OPTIMIZATION_LEVEL = "-Onone";
			};
			name = Debug;
		};
		96BF4E302B2BB6420042629E /* Release */ = {
			isa = XCBuildConfiguration;
			buildSettings = {
				ALWAYS_SEARCH_USER_PATHS = NO;
				ASSETCATALOG_COMPILER_GENERATE_SWIFT_ASSET_SYMBOL_EXTENSIONS = YES;
				CLANG_ANALYZER_NONNULL = YES;
				CLANG_ANALYZER_NUMBER_OBJECT_CONVERSION = YES_AGGRESSIVE;
				CLANG_CXX_LANGUAGE_STANDARD = "gnu++20";
				CLANG_ENABLE_MODULES = YES;
				CLANG_ENABLE_OBJC_ARC = YES;
				CLANG_ENABLE_OBJC_WEAK = YES;
				CLANG_WARN_BLOCK_CAPTURE_AUTORELEASING = YES;
				CLANG_WARN_BOOL_CONVERSION = YES;
				CLANG_WARN_COMMA = YES;
				CLANG_WARN_CONSTANT_CONVERSION = YES;
				CLANG_WARN_DEPRECATED_OBJC_IMPLEMENTATIONS = YES;
				CLANG_WARN_DIRECT_OBJC_ISA_USAGE = YES_ERROR;
				CLANG_WARN_DOCUMENTATION_COMMENTS = YES;
				CLANG_WARN_EMPTY_BODY = YES;
				CLANG_WARN_ENUM_CONVERSION = YES;
				CLANG_WARN_INFINITE_RECURSION = YES;
				CLANG_WARN_INT_CONVERSION = YES;
				CLANG_WARN_NON_LITERAL_NULL_CONVERSION = YES;
				CLANG_WARN_OBJC_IMPLICIT_RETAIN_SELF = YES;
				CLANG_WARN_OBJC_LITERAL_CONVERSION = YES;
				CLANG_WARN_OBJC_ROOT_CLASS = YES_ERROR;
				CLANG_WARN_QUOTED_INCLUDE_IN_FRAMEWORK_HEADER = YES;
				CLANG_WARN_RANGE_LOOP_ANALYSIS = YES;
				CLANG_WARN_STRICT_PROTOTYPES = YES;
				CLANG_WARN_SUSPICIOUS_MOVE = YES;
				CLANG_WARN_UNGUARDED_AVAILABILITY = YES_AGGRESSIVE;
				CLANG_WARN_UNREACHABLE_CODE = YES;
				CLANG_WARN__DUPLICATE_METHOD_MATCH = YES;
				COPY_PHASE_STRIP = NO;
				DEBUG_INFORMATION_FORMAT = "dwarf-with-dsym";
				ENABLE_NS_ASSERTIONS = NO;
				ENABLE_STRICT_OBJC_MSGSEND = YES;
				ENABLE_USER_SCRIPT_SANDBOXING = YES;
				GCC_C_LANGUAGE_STANDARD = gnu17;
				GCC_NO_COMMON_BLOCKS = YES;
				GCC_WARN_64_TO_32_BIT_CONVERSION = YES;
				GCC_WARN_ABOUT_RETURN_TYPE = YES_ERROR;
				GCC_WARN_UNDECLARED_SELECTOR = YES;
				GCC_WARN_UNINITIALIZED_AUTOS = YES_AGGRESSIVE;
				GCC_WARN_UNUSED_FUNCTION = YES;
				GCC_WARN_UNUSED_VARIABLE = YES;
				IPHONEOS_DEPLOYMENT_TARGET = 17.0;
				LOCALIZATION_PREFERS_STRING_CATALOGS = YES;
				MTL_ENABLE_DEBUG_INFO = NO;
				MTL_FAST_MATH = YES;
				SDKROOT = iphoneos;
				SWIFT_COMPILATION_MODE = wholemodule;
				VALIDATE_PRODUCT = YES;
			};
			name = Release;
		};
		96BF4E322B2BB6420042629E /* Debug */ = {
			isa = XCBuildConfiguration;
			buildSettings = {
				ASSETCATALOG_COMPILER_APPICON_NAME = AppIcon;
				ASSETCATALOG_COMPILER_GLOBAL_ACCENT_COLOR_NAME = AccentColor;
				CODE_SIGN_STYLE = Manual;
				CURRENT_PROJECT_VERSION = 1;
				DEVELOPMENT_ASSET_PATHS = "\"CMPSwiftUI/Preview Content\"";
				DEVELOPMENT_TEAM = "";
				ENABLE_PREVIEWS = YES;
				GENERATE_INFOPLIST_FILE = YES;
				INFOPLIST_KEY_UIApplicationSceneManifest_Generation = YES;
				INFOPLIST_KEY_UIApplicationSupportsIndirectInputEvents = YES;
				INFOPLIST_KEY_UILaunchScreen_Generation = YES;
				INFOPLIST_KEY_UISupportedInterfaceOrientations_iPad = "UIInterfaceOrientationPortrait UIInterfaceOrientationPortraitUpsideDown UIInterfaceOrientationLandscapeLeft UIInterfaceOrientationLandscapeRight";
				INFOPLIST_KEY_UISupportedInterfaceOrientations_iPhone = "UIInterfaceOrientationPortrait UIInterfaceOrientationLandscapeLeft UIInterfaceOrientationLandscapeRight";
				LD_RUNPATH_SEARCH_PATHS = (
					"$(inherited)",
					"@executable_path/Frameworks",
				);
				MARKETING_VERSION = 1.0;
				PRODUCT_BUNDLE_IDENTIFIER = dev.subfly.CMPSwiftUI;
				PRODUCT_NAME = "$(TARGET_NAME)";
				PROVISIONING_PROFILE_SPECIFIER = "";
				SWIFT_EMIT_LOC_STRINGS = YES;
				SWIFT_VERSION = 5.0;
				TARGETED_DEVICE_FAMILY = "1,2";
			};
			name = Debug;
		};
		96BF4E332B2BB6420042629E /* Release */ = {
			isa = XCBuildConfiguration;
			buildSettings = {
				ASSETCATALOG_COMPILER_APPICON_NAME = AppIcon;
				ASSETCATALOG_COMPILER_GLOBAL_ACCENT_COLOR_NAME = AccentColor;
				CODE_SIGN_STYLE = Manual;
				CURRENT_PROJECT_VERSION = 1;
				DEVELOPMENT_ASSET_PATHS = "\"CMPSwiftUI/Preview Content\"";
				DEVELOPMENT_TEAM = "";
				ENABLE_PREVIEWS = YES;
				GENERATE_INFOPLIST_FILE = YES;
				INFOPLIST_KEY_UIApplicationSceneManifest_Generation = YES;
				INFOPLIST_KEY_UIApplicationSupportsIndirectInputEvents = YES;
				INFOPLIST_KEY_UILaunchScreen_Generation = YES;
				INFOPLIST_KEY_UISupportedInterfaceOrientations_iPad = "UIInterfaceOrientationPortrait UIInterfaceOrientationPortraitUpsideDown UIInterfaceOrientationLandscapeLeft UIInterfaceOrientationLandscapeRight";
				INFOPLIST_KEY_UISupportedInterfaceOrientations_iPhone = "UIInterfaceOrientationPortrait UIInterfaceOrientationLandscapeLeft UIInterfaceOrientationLandscapeRight";
				LD_RUNPATH_SEARCH_PATHS = (
					"$(inherited)",
					"@executable_path/Frameworks",
				);
				MARKETING_VERSION = 1.0;
				PRODUCT_BUNDLE_IDENTIFIER = dev.subfly.CMPSwiftUI;
				PRODUCT_NAME = "$(TARGET_NAME)";
				PROVISIONING_PROFILE_SPECIFIER = "";
				SWIFT_EMIT_LOC_STRINGS = YES;
				SWIFT_VERSION = 5.0;
				TARGETED_DEVICE_FAMILY = "1,2";
			};
			name = Release;
		};
/* End XCBuildConfiguration section */

/* Begin XCConfigurationList section */
		96BF4E1E2B2BB6410042629E /* Build configuration list for PBXProject "CMPSwiftUI" */ = {
			isa = XCConfigurationList;
			buildConfigurations = (
				96BF4E2F2B2BB6420042629E /* Debug */,
				96BF4E302B2BB6420042629E /* Release */,
			);
			defaultConfigurationIsVisible = 0;
			defaultConfigurationName = Release;
		};
		96BF4E312B2BB6420042629E /* Build configuration list for PBXNativeTarget "CMPSwiftUI" */ = {
			isa = XCConfigurationList;
			buildConfigurations = (
				96BF4E322B2BB6420042629E /* Debug */,
				96BF4E332B2BB6420042629E /* Release */,
			);
			defaultConfigurationIsVisible = 0;
			defaultConfigurationName = Release;
		};
/* End XCConfigurationList section */
	};
	rootObject = 96BF4E1B2B2BB6410042629E /* Project object */;
}
